
Microsoft Visual Studio Solution File, Format Version 12.00
# Visual Studio Version 17
VisualStudioVersion = 17.4.33122.133
MinimumVisualStudioVersion = 10.0.40219.1
Project("{FAE04EC0-301F-11D3-BF4B-00C04F79EFBC}") = "Spotify-Api", "Spotify-Api\Spotify-Api.csproj", "{372EE7DA-7ABF-46B1-86A8-3EA3B5CCB1E5}"
EndProject
Global
	GlobalSection(SolutionConfigurationPlatforms) = preSolution
		Debug|Any CPU = Debug|Any CPU
		Release|Any CPU = Release|Any CPU
	EndGlobalSection
	GlobalSection(ProjectConfigurationPlatforms) = postSolution
		{372EE7DA-7ABF-46B1-86A8-3EA3B5CCB1E5}.Debug|Any CPU.ActiveCfg = Debug|Any CPU
		{372EE7DA-7ABF-46B1-86A8-3EA3B5CCB1E5}.Debug|Any CPU.Build.0 = Debug|Any CPU
		{372EE7DA-7ABF-46B1-86A8-3EA3B5CCB1E5}.Release|Any CPU.ActiveCfg = Release|Any CPU
		{372EE7DA-7ABF-46B1-86A8-3EA3B5CCB1E5}.Release|Any CPU.Build.0 = Release|Any CPU
	EndGlobalSection
	GlobalSection(SolutionProperties) = preSolution
		HideSolutionNode = FALSE
	EndGlobalSection
	GlobalSection(ExtensibilityGlobals) = postSolution
		SolutionGuid = {CD325903-CF2F-414B-B157-26F79FFEECBC}
	EndGlobalSection
EndGlobal
